// !$*UTF8*$!
{
	archiveVersion = 1;
	classes = {
	};
	objectVersion = 77;
	objects = {

/* Begin PBXContainerItemProxy section */
		3F1E094F2CFF5DBB0010AF1D /* PBXContainerItemProxy */ = {
			isa = PBXContainerItemProxy;
			containerPortal = 3F1E09362CFF5DBA0010AF1D /* Project object */;
			proxyType = 1;
			remoteGlobalIDString = 3F1E093D2CFF5DBA0010AF1D;
			remoteInfo = "MAPD714-002-TeamProject-Team3";
		};
		3F1E09592CFF5DBB0010AF1D /* PBXContainerItemProxy */ = {
			isa = PBXContainerItemProxy;
			containerPortal = 3F1E09362CFF5DBA0010AF1D /* Project object */;
			proxyType = 1;
			remoteGlobalIDString = 3F1E093D2CFF5DBA0010AF1D;
			remoteInfo = "MAPD714-002-TeamProject-Team3";
		};
/* End PBXContainerItemProxy section */

/* Begin PBXFileReference section */
		3F1E093E2CFF5DBA0010AF1D /* MAPD714-002-TeamProject-Team3.app */ = {isa = PBXFileReference; explicitFileType = wrapper.application; includeInIndex = 0; path = "MAPD714-002-TeamProject-Team3.app"; sourceTree = BUILT_PRODUCTS_DIR; };
		3F1E094E2CFF5DBB0010AF1D /* MAPD714-002-TeamProject-Team3Tests.xctest */ = {isa = PBXFileReference; explicitFileType = wrapper.cfbundle; includeInIndex = 0; path = "MAPD714-002-TeamProject-Team3Tests.xctest"; sourceTree = BUILT_PRODUCTS_DIR; };
		3F1E09582CFF5DBB0010AF1D /* MAPD714-002-TeamProject-Team3UITests.xctest */ = {isa = PBXFileReference; explicitFileType = wrapper.cfbundle; includeInIndex = 0; path = "MAPD714-002-TeamProject-Team3UITests.xctest"; sourceTree = BUILT_PRODUCTS_DIR; };
/* End PBXFileReference section */

/* Begin PBXFileSystemSynchronizedRootGroup section */
		3F1E09402CFF5DBA0010AF1D /* MAPD714-002-TeamProject-Team3 */ = {
			isa = PBXFileSystemSynchronizedRootGroup;
			path = "MAPD714-002-TeamProject-Team3";
			sourceTree = "<group>";
		};
		3F1E09512CFF5DBB0010AF1D /* MAPD714-002-TeamProject-Team3Tests */ = {
			isa = PBXFileSystemSynchronizedRootGroup;
			path = "MAPD714-002-TeamProject-Team3Tests";
			sourceTree = "<group>";
		};
		3F1E095B2CFF5DBB0010AF1D /* MAPD714-002-TeamProject-Team3UITests */ = {
			isa = PBXFileSystemSynchronizedRootGroup;
			path = "MAPD714-002-TeamProject-Team3UITests";
			sourceTree = "<group>";
		};
/* End PBXFileSystemSynchronizedRootGroup section */

/* Begin PBXFrameworksBuildPhase section */
		3F1E093B2CFF5DBA0010AF1D /* Frameworks */ = {
			isa = PBXFrameworksBuildPhase;
			buildActionMask = 2147483647;
			files = (
			);
			runOnlyForDeploymentPostprocessing = 0;
		};
		3F1E094B2CFF5DBB0010AF1D /* Frameworks */ = {
			isa = PBXFrameworksBuildPhase;
			buildActionMask = 2147483647;
			files = (
			);
			runOnlyForDeploymentPostprocessing = 0;
		};
		3F1E09552CFF5DBB0010AF1D /* Frameworks */ = {
			isa = PBXFrameworksBuildPhase;
			buildActionMask = 2147483647;
			files = (
			);
			runOnlyForDeploymentPostprocessing = 0;
		};
/* End PBXFrameworksBuildPhase section */

/* Begin PBXGroup section */
		3F1E09352CFF5DBA0010AF1D = {
			isa = PBXGroup;
			children = (
				3F1E09402CFF5DBA0010AF1D /* MAPD714-002-TeamProject-Team3 */,
				3F1E09512CFF5DBB0010AF1D /* MAPD714-002-TeamProject-Team3Tests */,
				3F1E095B2CFF5DBB0010AF1D /* MAPD714-002-TeamProject-Team3UITests */,
				3F1E093F2CFF5DBA0010AF1D /* Products */,
			);
			sourceTree = "<group>";
		};
		3F1E093F2CFF5DBA0010AF1D /* Products */ = {
			isa = PBXGroup;
			children = (
				3F1E093E2CFF5DBA0010AF1D /* MAPD714-002-TeamProject-Team3.app */,
				3F1E094E2CFF5DBB0010AF1D /* MAPD714-002-TeamProject-Team3Tests.xctest */,
				3F1E09582CFF5DBB0010AF1D /* MAPD714-002-TeamProject-Team3UITests.xctest */,
			);
			name = Products;
			sourceTree = "<group>";
		};
/* End PBXGroup section */

/* Begin PBXNativeTarget section */
		3F1E093D2CFF5DBA0010AF1D /* MAPD714-002-TeamProject-Team3 */ = {
			isa = PBXNativeTarget;
			buildConfigurationList = 3F1E09622CFF5DBB0010AF1D /* Build configuration list for PBXNativeTarget "MAPD714-002-TeamProject-Team3" */;
			buildPhases = (
				3F1E093A2CFF5DBA0010AF1D /* Sources */,
				3F1E093B2CFF5DBA0010AF1D /* Frameworks */,
				3F1E093C2CFF5DBA0010AF1D /* Resources */,
			);
			buildRules = (
			);
			dependencies = (
			);
			fileSystemSynchronizedGroups = (
				3F1E09402CFF5DBA0010AF1D /* MAPD714-002-TeamProject-Team3 */,
			);
			name = "MAPD714-002-TeamProject-Team3";
			packageProductDependencies = (
			);
			productName = "MAPD714-002-TeamProject-Team3";
			productReference = 3F1E093E2CFF5DBA0010AF1D /* MAPD714-002-TeamProject-Team3.app */;
			productType = "com.apple.product-type.application";
		};
		3F1E094D2CFF5DBB0010AF1D /* MAPD714-002-TeamProject-Team3Tests */ = {
			isa = PBXNativeTarget;
			buildConfigurationList = 3F1E09652CFF5DBB0010AF1D /* Build configuration list for PBXNativeTarget "MAPD714-002-TeamProject-Team3Tests" */;
			buildPhases = (
				3F1E094A2CFF5DBB0010AF1D /* Sources */,
				3F1E094B2CFF5DBB0010AF1D /* Frameworks */,
				3F1E094C2CFF5DBB0010AF1D /* Resources */,
			);
			buildRules = (
			);
			dependencies = (
				3F1E09502CFF5DBB0010AF1D /* PBXTargetDependency */,
			);
			fileSystemSynchronizedGroups = (
				3F1E09512CFF5DBB0010AF1D /* MAPD714-002-TeamProject-Team3Tests */,
			);
			name = "MAPD714-002-TeamProject-Team3Tests";
			packageProductDependencies = (
			);
			productName = "MAPD714-002-TeamProject-Team3Tests";
			productReference = 3F1E094E2CFF5DBB0010AF1D /* MAPD714-002-TeamProject-Team3Tests.xctest */;
			productType = "com.apple.product-type.bundle.unit-test";
		};
		3F1E09572CFF5DBB0010AF1D /* MAPD714-002-TeamProject-Team3UITests */ = {
			isa = PBXNativeTarget;
			buildConfigurationList = 3F1E09682CFF5DBB0010AF1D /* Build configuration list for PBXNativeTarget "MAPD714-002-TeamProject-Team3UITests" */;
			buildPhases = (
				3F1E09542CFF5DBB0010AF1D /* Sources */,
				3F1E09552CFF5DBB0010AF1D /* Frameworks */,
				3F1E09562CFF5DBB0010AF1D /* Resources */,
			);
			buildRules = (
			);
			dependencies = (
				3F1E095A2CFF5DBB0010AF1D /* PBXTargetDependency */,
			);
			fileSystemSynchronizedGroups = (
				3F1E095B2CFF5DBB0010AF1D /* MAPD714-002-TeamProject-Team3UITests */,
			);
			name = "MAPD714-002-TeamProject-Team3UITests";
			packageProductDependencies = (
			);
			productName = "MAPD714-002-TeamProject-Team3UITests";
			productReference = 3F1E09582CFF5DBB0010AF1D /* MAPD714-002-TeamProject-Team3UITests.xctest */;
			productType = "com.apple.product-type.bundle.ui-testing";
		};
/* End PBXNativeTarget section */

/* Begin PBXProject section */
		3F1E09362CFF5DBA0010AF1D /* Project object */ = {
			isa = PBXProject;
			attributes = {
				BuildIndependentTargetsInParallel = 1;
				LastSwiftUpdateCheck = 1600;
				LastUpgradeCheck = 1600;
				TargetAttributes = {
					3F1E093D2CFF5DBA0010AF1D = {
						CreatedOnToolsVersion = 16.0;
					};
					3F1E094D2CFF5DBB0010AF1D = {
						CreatedOnToolsVersion = 16.0;
						TestTargetID = 3F1E093D2CFF5DBA0010AF1D;
					};
					3F1E09572CFF5DBB0010AF1D = {
						CreatedOnToolsVersion = 16.0;
						TestTargetID = 3F1E093D2CFF5DBA0010AF1D;
					};
				};
			};
			buildConfigurationList = 3F1E09392CFF5DBA0010AF1D /* Build configuration list for PBXProject "MAPD714-002-TeamProject-Team3" */;
			developmentRegion = en;
			hasScannedForEncodings = 0;
			knownRegions = (
				en,
				Base,
			);
			mainGroup = 3F1E09352CFF5DBA0010AF1D;
			minimizedProjectReferenceProxies = 1;
			preferredProjectObjectVersion = 77;
			productRefGroup = 3F1E093F2CFF5DBA0010AF1D /* Products */;
			projectDirPath = "";
			projectRoot = "";
			targets = (
				3F1E093D2CFF5DBA0010AF1D /* MAPD714-002-TeamProject-Team3 */,
				3F1E094D2CFF5DBB0010AF1D /* MAPD714-002-TeamProject-Team3Tests */,
				3F1E09572CFF5DBB0010AF1D /* MAPD714-002-TeamProject-Team3UITests */,
			);
		};
/* End PBXProject section */

/* Begin PBXResourcesBuildPhase section */
		3F1E093C2CFF5DBA0010AF1D /* Resources */ = {
			isa = PBXResourcesBuildPhase;
			buildActionMask = 2147483647;
			files = (
			);
			runOnlyForDeploymentPostprocessing = 0;
		};
		3F1E094C2CFF5DBB0010AF1D /* Resources */ = {
			isa = PBXResourcesBuildPhase;
			buildActionMask = 2147483647;
			files = (
			);
			runOnlyForDeploymentPostprocessing = 0;
		};
		3F1E09562CFF5DBB0010AF1D /* Resources */ = {
			isa = PBXResourcesBuildPhase;
			buildActionMask = 2147483647;
			files = (
			);
			runOnlyForDeploymentPostprocessing = 0;
		};
/* End PBXResourcesBuildPhase section */

/* Begin PBXSourcesBuildPhase section */
		3F1E093A2CFF5DBA0010AF1D /* Sources */ = {
			isa = PBXSourcesBuildPhase;
			buildActionMask = 2147483647;
			files = (
			);
			runOnlyForDeploymentPostprocessing = 0;
		};
		3F1E094A2CFF5DBB0010AF1D /* Sources */ = {
			isa = PBXSourcesBuildPhase;
			buildActionMask = 2147483647;
			files = (
			);
			runOnlyForDeploymentPostprocessing = 0;
		};
		3F1E09542CFF5DBB0010AF1D /* Sources */ = {
			isa = PBXSourcesBuildPhase;
			buildActionMask = 2147483647;
			files = (
			);
			runOnlyForDeploymentPostprocessing = 0;
		};
/* End PBXSourcesBuildPhase section */

/* Begin PBXTargetDependency section */
		3F1E09502CFF5DBB0010AF1D /* PBXTargetDependency */ = {
			isa = PBXTargetDependency;
			target = 3F1E093D2CFF5DBA0010AF1D /* MAPD714-002-TeamProject-Team3 */;
			targetProxy = 3F1E094F2CFF5DBB0010AF1D /* PBXContainerItemProxy */;
		};
		3F1E095A2CFF5DBB0010AF1D /* PBXTargetDependency */ = {
			isa = PBXTargetDependency;
			target = 3F1E093D2CFF5DBA0010AF1D /* MAPD714-002-TeamProject-Team3 */;
			targetProxy = 3F1E09592CFF5DBB0010AF1D /* PBXContainerItemProxy */;
		};
/* End PBXTargetDependency section */

/* Begin XCBuildConfiguration section */
		3F1E09602CFF5DBB0010AF1D /* Debug */ = {
			isa = XCBuildConfiguration;
			buildSettings = {
				ALWAYS_SEARCH_USER_PATHS = NO;
				ASSETCATALOG_COMPILER_GENERATE_SWIFT_ASSET_SYMBOL_EXTENSIONS = YES;
				CLANG_ANALYZER_NONNULL = YES;
				CLANG_ANALYZER_NUMBER_OBJECT_CONVERSION = YES_AGGRESSIVE;
				CLANG_CXX_LANGUAGE_STANDARD = "gnu++20";
				CLANG_ENABLE_MODULES = YES;
				CLANG_ENABLE_OBJC_ARC = YES;
				CLANG_ENABLE_OBJC_WEAK = YES;
				CLANG_WARN_BLOCK_CAPTURE_AUTORELEASING = YES;
				CLANG_WARN_BOOL_CONVERSION = YES;
				CLANG_WARN_COMMA = YES;
				CLANG_WARN_CONSTANT_CONVERSION = YES;
				CLANG_WARN_DEPRECATED_OBJC_IMPLEMENTATIONS = YES;
				CLANG_WARN_DIRECT_OBJC_ISA_USAGE = YES_ERROR;
				CLANG_WARN_DOCUMENTATION_COMMENTS = YES;
				CLANG_WARN_EMPTY_BODY = YES;
				CLANG_WARN_ENUM_CONVERSION = YES;
				CLANG_WARN_INFINITE_RECURSION = YES;
				CLANG_WARN_INT_CONVERSION = YES;
				CLANG_WARN_NON_LITERAL_NULL_CONVERSION = YES;
				CLANG_WARN_OBJC_IMPLICIT_RETAIN_SELF = YES;
				CLANG_WARN_OBJC_LITERAL_CONVERSION = YES;
				CLANG_WARN_OBJC_ROOT_CLASS = YES_ERROR;
				CLANG_WARN_QUOTED_INCLUDE_IN_FRAMEWORK_HEADER = YES;
				CLANG_WARN_RANGE_LOOP_ANALYSIS = YES;
				CLANG_WARN_STRICT_PROTOTYPES = YES;
				CLANG_WARN_SUSPICIOUS_MOVE = YES;
				CLANG_WARN_UNGUARDED_AVAILABILITY = YES_AGGRESSIVE;
				CLANG_WARN_UNREACHABLE_CODE = YES;
				CLANG_WARN__DUPLICATE_METHOD_MATCH = YES;
				COPY_PHASE_STRIP = NO;
				DEBUG_INFORMATION_FORMAT = dwarf;
				ENABLE_STRICT_OBJC_MSGSEND = YES;
				ENABLE_TESTABILITY = YES;
				ENABLE_USER_SCRIPT_SANDBOXING = YES;
				GCC_C_LANGUAGE_STANDARD = gnu17;
				GCC_DYNAMIC_NO_PIC = NO;
				GCC_NO_COMMON_BLOCKS = YES;
				GCC_OPTIMIZATION_LEVEL = 0;
				GCC_PREPROCESSOR_DEFINITIONS = (
					"DEBUG=1",
					"$(inherited)",
				);
				GCC_WARN_64_TO_32_BIT_CONVERSION = YES;
				GCC_WARN_ABOUT_RETURN_TYPE = YES_ERROR;
				GCC_WARN_UNDECLARED_SELECTOR = YES;
				GCC_WARN_UNINITIALIZED_AUTOS = YES_AGGRESSIVE;
				GCC_WARN_UNUSED_FUNCTION = YES;
				GCC_WARN_UNUSED_VARIABLE = YES;
				IPHONEOS_DEPLOYMENT_TARGET = 18.0;
				LOCALIZATION_PREFERS_STRING_CATALOGS = YES;
				MTL_ENABLE_DEBUG_INFO = INCLUDE_SOURCE;
				MTL_FAST_MATH = YES;
				ONLY_ACTIVE_ARCH = YES;
				SDKROOT = iphoneos;
				SWIFT_ACTIVE_COMPILATION_CONDITIONS = "DEBUG $(inherited)";
				SWIFT_OPTIMIZATION_LEVEL = "-Onone";
			};
			name = Debug;
		};
		3F1E09612CFF5DBB0010AF1D /* Release */ = {
			isa = XCBuildConfiguration;
			buildSettings = {
				ALWAYS_SEARCH_USER_PATHS = NO;
				ASSETCATALOG_COMPILER_GENERATE_SWIFT_ASSET_SYMBOL_EXTENSIONS = YES;
				CLANG_ANALYZER_NONNULL = YES;
				CLANG_ANALYZER_NUMBER_OBJECT_CONVERSION = YES_AGGRESSIVE;
				CLANG_CXX_LANGUAGE_STANDARD = "gnu++20";
				CLANG_ENABLE_MODULES = YES;
				CLANG_ENABLE_OBJC_ARC = YES;
				CLANG_ENABLE_OBJC_WEAK = YES;
				CLANG_WARN_BLOCK_CAPTURE_AUTORELEASING = YES;
				CLANG_WARN_BOOL_CONVERSION = YES;
				CLANG_WARN_COMMA = YES;
				CLANG_WARN_CONSTANT_CONVERSION = YES;
				CLANG_WARN_DEPRECATED_OBJC_IMPLEMENTATIONS = YES;
				CLANG_WARN_DIRECT_OBJC_ISA_USAGE = YES_ERROR;
				CLANG_WARN_DOCUMENTATION_COMMENTS = YES;
				CLANG_WARN_EMPTY_BODY = YES;
				CLANG_WARN_ENUM_CONVERSION = YES;
				CLANG_WARN_INFINITE_RECURSION = YES;
				CLANG_WARN_INT_CONVERSION = YES;
				CLANG_WARN_NON_LITERAL_NULL_CONVERSION = YES;
				CLANG_WARN_OBJC_IMPLICIT_RETAIN_SELF = YES;
				CLANG_WARN_OBJC_LITERAL_CONVERSION = YES;
				CLANG_WARN_OBJC_ROOT_CLASS = YES_ERROR;
				CLANG_WARN_QUOTED_INCLUDE_IN_FRAMEWORK_HEADER = YES;
				CLANG_WARN_RANGE_LOOP_ANALYSIS = YES;
				CLANG_WARN_STRICT_PROTOTYPES = YES;
				CLANG_WARN_SUSPICIOUS_MOVE = YES;
				CLANG_WARN_UNGUARDED_AVAILABILITY = YES_AGGRESSIVE;
				CLANG_WARN_UNREACHABLE_CODE = YES;
				CLANG_WARN__DUPLICATE_METHOD_MATCH = YES;
				COPY_PHASE_STRIP = NO;
				DEBUG_INFORMATION_FORMAT = "dwarf-with-dsym";
				ENABLE_NS_ASSERTIONS = NO;
				ENABLE_STRICT_OBJC_MSGSEND = YES;
				ENABLE_USER_SCRIPT_SANDBOXING = YES;
				GCC_C_LANGUAGE_STANDARD = gnu17;
				GCC_NO_COMMON_BLOCKS = YES;
				GCC_WARN_64_TO_32_BIT_CONVERSION = YES;
				GCC_WARN_ABOUT_RETURN_TYPE = YES_ERROR;
				GCC_WARN_UNDECLARED_SELECTOR = YES;
				GCC_WARN_UNINITIALIZED_AUTOS = YES_AGGRESSIVE;
				GCC_WARN_UNUSED_FUNCTION = YES;
				GCC_WARN_UNUSED_VARIABLE = YES;
				IPHONEOS_DEPLOYMENT_TARGET = 18.0;
				LOCALIZATION_PREFERS_STRING_CATALOGS = YES;
				MTL_ENABLE_DEBUG_INFO = NO;
				MTL_FAST_MATH = YES;
				SDKROOT = iphoneos;
				SWIFT_COMPILATION_MODE = wholemodule;
				VALIDATE_PRODUCT = YES;
			};
			name = Release;
		};
		3F1E09632CFF5DBB0010AF1D /* Debug */ = {
			isa = XCBuildConfiguration;
			buildSettings = {
				ASSETCATALOG_COMPILER_APPICON_NAME = AppIcon;
				ASSETCATALOG_COMPILER_GLOBAL_ACCENT_COLOR_NAME = AccentColor;
				CODE_SIGN_STYLE = Automatic;
				CURRENT_PROJECT_VERSION = 1;
				DEVELOPMENT_ASSET_PATHS = "\"MAPD714-002-TeamProject-Team3/Preview Content\"";
				ENABLE_PREVIEWS = YES;
				GENERATE_INFOPLIST_FILE = YES;
				INFOPLIST_KEY_UIApplicationSceneManifest_Generation = YES;
				INFOPLIST_KEY_UIApplicationSupportsIndirectInputEvents = YES;
				INFOPLIST_KEY_UILaunchScreen_Generation = YES;
				INFOPLIST_KEY_UISupportedInterfaceOrientations_iPad = "UIInterfaceOrientationPortrait UIInterfaceOrientationPortraitUpsideDown UIInterfaceOrientationLandscapeLeft UIInterfaceOrientationLandscapeRight";
				INFOPLIST_KEY_UISupportedInterfaceOrientations_iPhone = "UIInterfaceOrientationPortrait UIInterfaceOrientationLandscapeLeft UIInterfaceOrientationLandscapeRight";
				LD_RUNPATH_SEARCH_PATHS = (
					"$(inherited)",
					"@executable_path/Frameworks",
				);
				MARKETING_VERSION = 1.0;
				PRODUCT_BUNDLE_IDENTIFIER = "com.ashna.MAPD714-002-TeamProject-Team3";
				PRODUCT_NAME = "$(TARGET_NAME)";
				SWIFT_EMIT_LOC_STRINGS = YES;
				SWIFT_VERSION = 5.0;
				TARGETED_DEVICE_FAMILY = "1,2";
			};
			name = Debug;
		};
		3F1E09642CFF5DBB0010AF1D /* Release */ = {
			isa = XCBuildConfiguration;
			buildSettings = {
				ASSETCATALOG_COMPILER_APPICON_NAME = AppIcon;
				ASSETCATALOG_COMPILER_GLOBAL_ACCENT_COLOR_NAME = AccentColor;
				CODE_SIGN_STYLE = Automatic;
				CURRENT_PROJECT_VERSION = 1;
				DEVELOPMENT_ASSET_PATHS = "\"MAPD714-002-TeamProject-Team3/Preview Content\"";
				ENABLE_PREVIEWS = YES;
				GENERATE_INFOPLIST_FILE = YES;
				INFOPLIST_KEY_UIApplicationSceneManifest_Generation = YES;
				INFOPLIST_KEY_UIApplicationSupportsIndirectInputEvents = YES;
				INFOPLIST_KEY_UILaunchScreen_Generation = YES;
				INFOPLIST_KEY_UISupportedInterfaceOrientations_iPad = "UIInterfaceOrientationPortrait UIInterfaceOrientationPortraitUpsideDown UIInterfaceOrientationLandscapeLeft UIInterfaceOrientationLandscapeRight";
				INFOPLIST_KEY_UISupportedInterfaceOrientations_iPhone = "UIInterfaceOrientationPortrait UIInterfaceOrientationLandscapeLeft UIInterfaceOrientationLandscapeRight";
				LD_RUNPATH_SEARCH_PATHS = (
					"$(inherited)",
					"@executable_path/Frameworks",
				);
				MARKETING_VERSION = 1.0;
				PRODUCT_BUNDLE_IDENTIFIER = "com.ashna.MAPD714-002-TeamProject-Team3";
				PRODUCT_NAME = "$(TARGET_NAME)";
				SWIFT_EMIT_LOC_STRINGS = YES;
				SWIFT_VERSION = 5.0;
				TARGETED_DEVICE_FAMILY = "1,2";
			};
			name = Release;
		};
		3F1E09662CFF5DBB0010AF1D /* Debug */ = {
			isa = XCBuildConfiguration;
			buildSettings = {
				BUNDLE_LOADER = "$(TEST_HOST)";
				CODE_SIGN_STYLE = Automatic;
				CURRENT_PROJECT_VERSION = 1;
				GENERATE_INFOPLIST_FILE = YES;
				IPHONEOS_DEPLOYMENT_TARGET = 18.0;
				MARKETING_VERSION = 1.0;
				PRODUCT_BUNDLE_IDENTIFIER = "com.ashna.MAPD714-002-TeamProject-Team3Tests";
				PRODUCT_NAME = "$(TARGET_NAME)";
				SWIFT_EMIT_LOC_STRINGS = NO;
				SWIFT_VERSION = 5.0;
				TARGETED_DEVICE_FAMILY = "1,2";
				TEST_HOST = "$(BUILT_PRODUCTS_DIR)/MAPD714-002-TeamProject-Team3.app/$(BUNDLE_EXECUTABLE_FOLDER_PATH)/MAPD714-002-TeamProject-Team3";
			};
			name = Debug;
		};
		3F1E09672CFF5DBB0010AF1D /* Release */ = {
			isa = XCBuildConfiguration;
			buildSettings = {
				BUNDLE_LOADER = "$(TEST_HOST)";
				CODE_SIGN_STYLE = Automatic;
				CURRENT_PROJECT_VERSION = 1;
				GENERATE_INFOPLIST_FILE = YES;
				IPHONEOS_DEPLOYMENT_TARGET = 18.0;
				MARKETING_VERSION = 1.0;
				PRODUCT_BUNDLE_IDENTIFIER = "com.ashna.MAPD714-002-TeamProject-Team3Tests";
				PRODUCT_NAME = "$(TARGET_NAME)";
				SWIFT_EMIT_LOC_STRINGS = NO;
				SWIFT_VERSION = 5.0;
				TARGETED_DEVICE_FAMILY = "1,2";
				TEST_HOST = "$(BUILT_PRODUCTS_DIR)/MAPD714-002-TeamProject-Team3.app/$(BUNDLE_EXECUTABLE_FOLDER_PATH)/MAPD714-002-TeamProject-Team3";
			};
			name = Release;
		};
		3F1E09692CFF5DBB0010AF1D /* Debug */ = {
			isa = XCBuildConfiguration;
			buildSettings = {
				CODE_SIGN_STYLE = Automatic;
				CURRENT_PROJECT_VERSION = 1;
				GENERATE_INFOPLIST_FILE = YES;
				MARKETING_VERSION = 1.0;
				PRODUCT_BUNDLE_IDENTIFIER = "com.ashna.MAPD714-002-TeamProject-Team3UITests";
				PRODUCT_NAME = "$(TARGET_NAME)";
				SWIFT_EMIT_LOC_STRINGS = NO;
				SWIFT_VERSION = 5.0;
				TARGETED_DEVICE_FAMILY = "1,2";
				TEST_TARGET_NAME = "MAPD714-002-TeamProject-Team3";
			};
			name = Debug;
		};
		3F1E096A2CFF5DBB0010AF1D /* Release */ = {
			isa = XCBuildConfiguration;
			buildSettings = {
				CODE_SIGN_STYLE = Automatic;
				CURRENT_PROJECT_VERSION = 1;
				GENERATE_INFOPLIST_FILE = YES;
				MARKETING_VERSION = 1.0;
				PRODUCT_BUNDLE_IDENTIFIER = "com.ashna.MAPD714-002-TeamProject-Team3UITests";
				PRODUCT_NAME = "$(TARGET_NAME)";
				SWIFT_EMIT_LOC_STRINGS = NO;
				SWIFT_VERSION = 5.0;
				TARGETED_DEVICE_FAMILY = "1,2";
				TEST_TARGET_NAME = "MAPD714-002-TeamProject-Team3";
			};
			name = Release;
		};
/* End XCBuildConfiguration section */

/* Begin XCConfigurationList section */
		3F1E09392CFF5DBA0010AF1D /* Build configuration list for PBXProject "MAPD714-002-TeamProject-Team3" */ = {
			isa = XCConfigurationList;
			buildConfigurations = (
				3F1E09602CFF5DBB0010AF1D /* Debug */,
				3F1E09612CFF5DBB0010AF1D /* Release */,
			);
			defaultConfigurationIsVisible = 0;
			defaultConfigurationName = Release;
		};
		3F1E09622CFF5DBB0010AF1D /* Build configuration list for PBXNativeTarget "MAPD714-002-TeamProject-Team3" */ = {
			isa = XCConfigurationList;
			buildConfigurations = (
				3F1E09632CFF5DBB0010AF1D /* Debug */,
				3F1E09642CFF5DBB0010AF1D /* Release */,
			);
			defaultConfigurationIsVisible = 0;
			defaultConfigurationName = Release;
		};
		3F1E09652CFF5DBB0010AF1D /* Build configuration list for PBXNativeTarget "MAPD714-002-TeamProject-Team3Tests" */ = {
			isa = XCConfigurationList;
			buildConfigurations = (
				3F1E09662CFF5DBB0010AF1D /* Debug */,
				3F1E09672CFF5DBB0010AF1D /* Release */,
			);
			defaultConfigurationIsVisible = 0;
			defaultConfigurationName = Release;
		};
		3F1E09682CFF5DBB0010AF1D /* Build configuration list for PBXNativeTarget "MAPD714-002-TeamProject-Team3UITests" */ = {
			isa = XCConfigurationList;
			buildConfigurations = (
				3F1E09692CFF5DBB0010AF1D /* Debug */,
				3F1E096A2CFF5DBB0010AF1D /* Release */,
			);
			defaultConfigurationIsVisible = 0;
			defaultConfigurationName = Release;
		};
/* End XCConfigurationList section */
	};
	rootObject = 3F1E09362CFF5DBA0010AF1D /* Project object */;
}
